
Microsoft Visual Studio Solution File, Format Version 12.00
# Visual Studio Version 17
VisualStudioVersion = 17.0.31903.59
MinimumVisualStudioVersion = 10.0.40219.1
Project("{FAE04EC0-301F-11D3-BF4B-00C04F79EFBC}") = "IksBlog.Data", "IksBlog.Data\IksBlog.Data.csproj", "{4E005145-3B2B-4CB2-882C-838F6717DD01}"
EndProject
Project("{FAE04EC0-301F-11D3-BF4B-00C04F79EFBC}") = "IksBlog.Web", "IksBlog.Web\IksBlog.Web.csproj", "{E912968B-16FB-4BCB-8C88-DC20860491ED}"
EndProject
Global
	GlobalSection(SolutionConfigurationPlatforms) = preSolution
		Debug|Any CPU = Debug|Any CPU
		Debug|x64 = Debug|x64
		Debug|x86 = Debug|x86
		Release|Any CPU = Release|Any CPU
		Release|x64 = Release|x64
		Release|x86 = Release|x86
	EndGlobalSection
	GlobalSection(ProjectConfigurationPlatforms) = postSolution
		{4E005145-3B2B-4CB2-882C-838F6717DD01}.Debug|Any CPU.ActiveCfg = Debug|Any CPU
		{4E005145-3B2B-4CB2-882C-838F6717DD01}.Debug|Any CPU.Build.0 = Debug|Any CPU
		{4E005145-3B2B-4CB2-882C-838F6717DD01}.Debug|x64.ActiveCfg = Debug|Any CPU
		{4E005145-3B2B-4CB2-882C-838F6717DD01}.Debug|x64.Build.0 = Debug|Any CPU
		{4E005145-3B2B-4CB2-882C-838F6717DD01}.Debug|x86.ActiveCfg = Debug|Any CPU
		{4E005145-3B2B-4CB2-882C-838F6717DD01}.Debug|x86.Build.0 = Debug|Any CPU
		{4E005145-3B2B-4CB2-882C-838F6717DD01}.Release|Any CPU.ActiveCfg = Release|Any CPU
		{4E005145-3B2B-4CB2-882C-838F6717DD01}.Release|Any CPU.Build.0 = Release|Any CPU
		{4E005145-3B2B-4CB2-882C-838F6717DD01}.Release|x64.ActiveCfg = Release|Any CPU
		{4E005145-3B2B-4CB2-882C-838F6717DD01}.Release|x64.Build.0 = Release|Any CPU
		{4E005145-3B2B-4CB2-882C-838F6717DD01}.Release|x86.ActiveCfg = Release|Any CPU
		{4E005145-3B2B-4CB2-882C-838F6717DD01}.Release|x86.Build.0 = Release|Any CPU
		{E912968B-16FB-4BCB-8C88-DC20860491ED}.Debug|Any CPU.ActiveCfg = Debug|Any CPU
		{E912968B-16FB-4BCB-8C88-DC20860491ED}.Debug|Any CPU.Build.0 = Debug|Any CPU
		{E912968B-16FB-4BCB-8C88-DC20860491ED}.Debug|x64.ActiveCfg = Debug|Any CPU
		{E912968B-16FB-4BCB-8C88-DC20860491ED}.Debug|x64.Build.0 = Debug|Any CPU
		{E912968B-16FB-4BCB-8C88-DC20860491ED}.Debug|x86.ActiveCfg = Debug|Any CPU
		{E912968B-16FB-4BCB-8C88-DC20860491ED}.Debug|x86.Build.0 = Debug|Any CPU
		{E912968B-16FB-4BCB-8C88-DC20860491ED}.Release|Any CPU.ActiveCfg = Release|Any CPU
		{E912968B-16FB-4BCB-8C88-DC20860491ED}.Release|Any CPU.Build.0 = Release|Any CPU
		{E912968B-16FB-4BCB-8C88-DC20860491ED}.Release|x64.ActiveCfg = Release|Any CPU
		{E912968B-16FB-4BCB-8C88-DC20860491ED}.Release|x64.Build.0 = Release|Any CPU
		{E912968B-16FB-4BCB-8C88-DC20860491ED}.Release|x86.ActiveCfg = Release|Any CPU
		{E912968B-16FB-4BCB-8C88-DC20860491ED}.Release|x86.Build.0 = Release|Any CPU
	EndGlobalSection
	GlobalSection(SolutionProperties) = preSolution
		HideSolutionNode = FALSE
	EndGlobalSection
EndGlobal
